
Microsoft Visual Studio Solution File, Format Version 12.00
# Visual Studio Version 17
VisualStudioVersion = 17.6.33815.320
MinimumVisualStudioVersion = 10.0.40219.1
Project("{FAE04EC0-301F-11D3-BF4B-00C04F79EFBC}") = "InheritanceC", "InheritanceC\InheritanceC.csproj", "{F18A2F26-9701-4722-B0B9-6A272EA0B94E}"
EndProject
Global
	GlobalSection(SolutionConfigurationPlatforms) = preSolution
		Debug|Any CPU = Debug|Any CPU
		Release|Any CPU = Release|Any CPU
	EndGlobalSection
	GlobalSection(ProjectConfigurationPlatforms) = postSolution
		{F18A2F26-9701-4722-B0B9-6A272EA0B94E}.Debug|Any CPU.ActiveCfg = Debug|Any CPU
		{F18A2F26-9701-4722-B0B9-6A272EA0B94E}.Debug|Any CPU.Build.0 = Debug|Any CPU
		{F18A2F26-9701-4722-B0B9-6A272EA0B94E}.Release|Any CPU.ActiveCfg = Release|Any CPU
		{F18A2F26-9701-4722-B0B9-6A272EA0B94E}.Release|Any CPU.Build.0 = Release|Any CPU
	EndGlobalSection
	GlobalSection(SolutionProperties) = preSolution
		HideSolutionNode = FALSE
	EndGlobalSection
	GlobalSection(ExtensibilityGlobals) = postSolution
		SolutionGuid = {E73CFACF-1A01-407F-977E-30DF40277BB6}
	EndGlobalSection
EndGlobal
